<?xml version="1.0" encoding="utf-8"?>
<Project ToolsVersion="4.0" xmlns="http://schemas.microsoft.com/developer/msbuild/2003">
  <ItemGroup>
    <Filter Include="Source Files">
      <UniqueIdentifier>{4FC737F1-C7A5-4376-A066-2A32D752A2FF}</UniqueIdentifier>
      <Extensions>cpp;cxx;c;def</Extensions>
    </Filter>
    <Filter Include="Header Files">
      <UniqueIdentifier>{93995380-89BD-4b04-88EB-625FBE52EBFB}</UniqueIdentifier>
      <Extensions>h</Extensions>
    </Filter>
    <Filter Include="Resource Files">
      <UniqueIdentifier>{D9D6E242-F8AF-46E4-B9FD-80ECBC20BA3E}</UniqueIdentifier>
      <Extensions>qrc;*</Extensions>
      <ParseFiles>false</ParseFiles>
    </Filter>
    <Filter Include="Source Files\Strings">
      <UniqueIdentifier>{03b256a9-180e-4b1e-85e5-a2368edb6063}</UniqueIdentifier>
    </Filter>
    <Filter Include="Header Files\Strings">
      <UniqueIdentifier>{be4fbec6-a89c-4e4c-8544-9de947097e7c}</UniqueIdentifier>
    </Filter>
    <Filter Include="Header Files\ExpEval">
      <UniqueIdentifier>{6ef8646b-0798-4adb-b202-f1acca6da196}</UniqueIdentifier>
    </Filter>
    <Filter Include="Source Files\ExpEval">
      <UniqueIdentifier>{9b627f28-7d4b-4fe1-873b-d0c864e74204}</UniqueIdentifier>
    </Filter>
    <Filter Include="Header Files\FoundAddresses">
      <UniqueIdentifier>{b3d5b645-9eca-4a9a-8dc5-a4d464d16524}</UniqueIdentifier>
    </Filter>
    <Filter Include="Source Files\FoundAddresses">
      <UniqueIdentifier>{e8de9f61-494e-4914-9531-d96b818626a0}</UniqueIdentifier>
    </Filter>
    <Filter Include="Header Files\Files">
      <UniqueIdentifier>{39511840-6f80-4409-ba88-b3e7246561f6}</UniqueIdentifier>
    </Filter>
    <Filter Include="Source Files\Files">
      <UniqueIdentifier>{1e33c66c-8318-47d6-a5d5-78d93ecc8216}</UniqueIdentifier>
    </Filter>
    <Filter Include="Header Files\System">
      <UniqueIdentifier>{1ad00288-0c00-41dd-981d-dc4e2b515c1b}</UniqueIdentifier>
    </Filter>
    <Filter Include="Source Files\System">
      <UniqueIdentifier>{fe0c3b81-4036-490f-9994-d73e6ed27a43}</UniqueIdentifier>
    </Filter>
    <Filter Include="Header Files\PE">
      <UniqueIdentifier>{1dc94a43-fd47-47b3-bfca-dc14d499cc72}</UniqueIdentifier>
    </Filter>
    <Filter Include="Source Files\PE">
      <UniqueIdentifier>{1cd8e32f-f155-4fd7-b5ba-a37eff6e4380}</UniqueIdentifier>
    </Filter>
    <Filter Include="Header Files\Utilities">
      <UniqueIdentifier>{7ea8a197-7cd8-4344-91ae-93acc1f44449}</UniqueIdentifier>
    </Filter>
    <Filter Include="Source Files\Utilities">
      <UniqueIdentifier>{52d7b450-3a5b-4f4f-9df8-b253c6899524}</UniqueIdentifier>
    </Filter>
    <Filter Include="Header Files\CodePages">
      <UniqueIdentifier>{ffc9ddec-c960-49c8-864a-09fcf9317815}</UniqueIdentifier>
    </Filter>
    <Filter Include="Source Files\CodePages">
      <UniqueIdentifier>{d9f1f17b-2b0b-4119-86b6-55809c85a2f0}</UniqueIdentifier>
    </Filter>
    <Filter Include="Header Files\OpenProcess">
      <UniqueIdentifier>{92c4fa9f-e43e-4ad4-8c34-e14f9abb5296}</UniqueIdentifier>
    </Filter>
    <Filter Include="Source Files\OpenProcess">
      <UniqueIdentifier>{68aed861-47a5-499e-bcca-bf1d71d1e671}</UniqueIdentifier>
    </Filter>
    <Filter Include="Header Files\Layouts">
      <UniqueIdentifier>{68c0c199-0762-49e6-80e8-22e7d003f23a}</UniqueIdentifier>
    </Filter>
    <Filter Include="Source Files\Layouts">
      <UniqueIdentifier>{f95ee98c-2a54-4354-b00b-bee5f61bff2e}</UniqueIdentifier>
    </Filter>
    <Filter Include="Header Files\MainWindow">
      <UniqueIdentifier>{9a8cfa9d-095d-4e82-a1ac-4ec5f2bd2485}</UniqueIdentifier>
    </Filter>
    <Filter Include="Source Files\MainWindow">
      <UniqueIdentifier>{94d5a6ef-e256-44fa-9432-fea562d7530c}</UniqueIdentifier>
    </Filter>
    <Filter Include="Header Files\MemHack">
      <UniqueIdentifier>{24b61b9c-0257-44c3-88ba-543c11edce50}</UniqueIdentifier>
    </Filter>
    <Filter Include="Source Files\MemHack">
      <UniqueIdentifier>{b51e5251-aeb2-49a1-9c04-0023971a4cba}</UniqueIdentifier>
    </Filter>
  </ItemGroup>
  <ItemGroup>
    <ClCompile Include="Src\Strings\MXStringDecoder.cpp">
      <Filter>Source Files\Strings</Filter>
    </ClCompile>
    <ClCompile Include="Src\main.cpp">
      <Filter>Source Files</Filter>
    </ClCompile>
    <ClCompile Include="Src\MXMhsX.cpp">
      <Filter>Source Files</Filter>
    </ClCompile>
    <ClCompile Include="Src\Files\MXFile.cpp">
      <Filter>Source Files\Files</Filter>
    </ClCompile>
    <ClCompile Include="Src\Files\MXFileMap.cpp">
      <Filter>Source Files\Files</Filter>
    </ClCompile>
    <ClCompile Include="Src\System\MXSystem.cpp">
      <Filter>Source Files\System</Filter>
    </ClCompile>
    <ClCompile Include="Src\PE\MXPeWorks.cpp">
      <Filter>Source Files\PE</Filter>
    </ClCompile>
    <ClCompile Include="Src\PE\MXPeObject.cpp">
      <Filter>Source Files\PE</Filter>
    </ClCompile>
    <ClCompile Include="Src\Utilities\MXUtilities.cpp">
      <Filter>Source Files\Utilities</Filter>
    </ClCompile>
    <ClCompile Include="Src\CodePages\MXCodePages.cpp">
      <Filter>Source Files\CodePages</Filter>
    </ClCompile>
    <ClCompile Include="Src\Layouts\MXMainWindowLayout.cpp">
      <Filter>Source Files\Layouts</Filter>
    </ClCompile>
    <ClCompile Include="Src\Layouts\MXLayoutManager.cpp">
      <Filter>Source Files\Layouts</Filter>
    </ClCompile>
    <ClCompile Include="Src\Layouts\MXOpenProcessLayout.cpp">
      <Filter>Source Files\Layouts</Filter>
    </ClCompile>
    <ClCompile Include="Src\MainWindow\MXMhsMainWindow.cpp">
      <Filter>Source Files\MainWindow</Filter>
    </ClCompile>
    <ClCompile Include="Src\OpenProcess\MXOpenProcessWindow.cpp">
      <Filter>Source Files\OpenProcess</Filter>
    </ClCompile>
    <ClCompile Include="Src\MemHack\MXMemHack.cpp">
      <Filter>Source Files\MemHack</Filter>
    </ClCompile>
  </ItemGroup>
  <ItemGroup>
    <CustomBuild Include="Src\MXMhsX.h">
      <Filter>Header Files</Filter>
    </CustomBuild>
  </ItemGroup>
  <ItemGroup>
    <ClInclude Include="Src\Strings\MXStringMacros.h">
      <Filter>Header Files\Strings</Filter>
    </ClInclude>
    <ClInclude Include="Src\Strings\MXStringDecoder.h">
      <Filter>Header Files\Strings</Filter>
    </ClInclude>
    <ClInclude Include="Src\Files\MXFile.h">
      <Filter>Header Files\Files</Filter>
    </ClInclude>
    <ClInclude Include="Src\Files\MXFileMap.h">
      <Filter>Header Files\Files</Filter>
    </ClInclude>
    <ClInclude Include="Src\System\MXSystem.h">
      <Filter>Header Files\System</Filter>
    </ClInclude>
    <ClInclude Include="Src\PE\MXPeWorks.h">
      <Filter>Header Files\PE</Filter>
    </ClInclude>
    <ClInclude Include="Src\PE\MXPeStructs.h">
      <Filter>Header Files\PE</Filter>
    </ClInclude>
    <ClInclude Include="Src\PE\MXPeObject.h">
      <Filter>Header Files\PE</Filter>
    </ClInclude>
    <ClInclude Include="Src\Utilities\MXUtilities.h">
      <Filter>Header Files\Utilities</Filter>
    </ClInclude>
    <ClInclude Include="Src\CodePages\MXCodePages.h">
      <Filter>Header Files\CodePages</Filter>
    </ClInclude>
    <ClInclude Include="Src\Layouts\MXMainWindowLayout.h">
      <Filter>Header Files\Layouts</Filter>
    </ClInclude>
    <ClInclude Include="Src\Layouts\MXLayoutManager.h">
      <Filter>Header Files\Layouts</Filter>
    </ClInclude>
    <ClInclude Include="Src\Layouts\MXOpenProcessLayout.h">
      <Filter>Header Files\Layouts</Filter>
    </ClInclude>
    <ClInclude Include="Src\MainWindow\MXMhsMainWindow.h">
      <Filter>Header Files\MainWindow</Filter>
    </ClInclude>
    <ClInclude Include="Src\OpenProcess\MXOpenProcessWindow.h">
      <Filter>Header Files\OpenProcess</Filter>
    </ClInclude>
    <ClInclude Include="Src\Layouts\MXLayoutMacros.h">
      <Filter>Header Files\Layouts</Filter>
    </ClInclude>
    <ClInclude Include="Src\MemHack\MXMemHack.h">
      <Filter>Header Files\MemHack</Filter>
    </ClInclude>
  </ItemGroup>
  <ItemGroup>
    <Manifest Include="MhsX.exe.intermediate.manifest">
      <Filter>Resource Files</Filter>
    </Manifest>
  </ItemGroup>
</Project>