<?xml version="1.0" encoding="utf-8"?>
<Project ToolsVersion="4.0" xmlns="http://schemas.microsoft.com/developer/msbuild/2003">
  <ItemGroup>
    <Filter Include="Source Files">
      <UniqueIdentifier>{4FC737F1-C7A5-4376-A066-2A32D752A2FF}</UniqueIdentifier>
      <Extensions>cpp;cxx;c;def</Extensions>
    </Filter>
    <Filter Include="Header Files">
      <UniqueIdentifier>{93995380-89BD-4b04-88EB-625FBE52EBFB}</UniqueIdentifier>
      <Extensions>h</Extensions>
    </Filter>
    <Filter Include="Resource Files">
      <UniqueIdentifier>{D9D6E242-F8AF-46E4-B9FD-80ECBC20BA3E}</UniqueIdentifier>
      <Extensions>qrc;*</Extensions>
      <ParseFiles>false</ParseFiles>
    </Filter>
    <Filter Include="Source Files\Strings">
      <UniqueIdentifier>{03b256a9-180e-4b1e-85e5-a2368edb6063}</UniqueIdentifier>
    </Filter>
    <Filter Include="Header Files\Strings">
      <UniqueIdentifier>{be4fbec6-a89c-4e4c-8544-9de947097e7c}</UniqueIdentifier>
    </Filter>
    <Filter Include="Header Files\ExpEval">
      <UniqueIdentifier>{6ef8646b-0798-4adb-b202-f1acca6da196}</UniqueIdentifier>
    </Filter>
    <Filter Include="Source Files\ExpEval">
      <UniqueIdentifier>{9b627f28-7d4b-4fe1-873b-d0c864e74204}</UniqueIdentifier>
    </Filter>
    <Filter Include="Header Files\FoundAddresses">
      <UniqueIdentifier>{b3d5b645-9eca-4a9a-8dc5-a4d464d16524}</UniqueIdentifier>
    </Filter>
    <Filter Include="Source Files\FoundAddresses">
      <UniqueIdentifier>{e8de9f61-494e-4914-9531-d96b818626a0}</UniqueIdentifier>
    </Filter>
    <Filter Include="Header Files\Files">
      <UniqueIdentifier>{39511840-6f80-4409-ba88-b3e7246561f6}</UniqueIdentifier>
    </Filter>
    <Filter Include="Source Files\Files">
      <UniqueIdentifier>{1e33c66c-8318-47d6-a5d5-78d93ecc8216}</UniqueIdentifier>
    </Filter>
    <Filter Include="Header Files\System">
      <UniqueIdentifier>{1ad00288-0c00-41dd-981d-dc4e2b515c1b}</UniqueIdentifier>
    </Filter>
    <Filter Include="Source Files\System">
      <UniqueIdentifier>{fe0c3b81-4036-490f-9994-d73e6ed27a43}</UniqueIdentifier>
    </Filter>
    <Filter Include="Header Files\PE">
      <UniqueIdentifier>{1dc94a43-fd47-47b3-bfca-dc14d499cc72}</UniqueIdentifier>
    </Filter>
    <Filter Include="Source Files\PE">
      <UniqueIdentifier>{1cd8e32f-f155-4fd7-b5ba-a37eff6e4380}</UniqueIdentifier>
    </Filter>
    <Filter Include="Header Files\Utilities">
      <UniqueIdentifier>{7ea8a197-7cd8-4344-91ae-93acc1f44449}</UniqueIdentifier>
    </Filter>
    <Filter Include="Source Files\Utilities">
      <UniqueIdentifier>{52d7b450-3a5b-4f4f-9df8-b253c6899524}</UniqueIdentifier>
    </Filter>
    <Filter Include="Header Files\CodePages">
      <UniqueIdentifier>{ffc9ddec-c960-49c8-864a-09fcf9317815}</UniqueIdentifier>
    </Filter>
    <Filter Include="Source Files\CodePages">
      <UniqueIdentifier>{d9f1f17b-2b0b-4119-86b6-55809c85a2f0}</UniqueIdentifier>
    </Filter>
    <Filter Include="Header Files\OpenProcess">
      <UniqueIdentifier>{92c4fa9f-e43e-4ad4-8c34-e14f9abb5296}</UniqueIdentifier>
    </Filter>
    <Filter Include="Source Files\OpenProcess">
      <UniqueIdentifier>{68aed861-47a5-499e-bcca-bf1d71d1e671}</UniqueIdentifier>
    </Filter>
    <Filter Include="Header Files\Layouts">
      <UniqueIdentifier>{68c0c199-0762-49e6-80e8-22e7d003f23a}</UniqueIdentifier>
    </Filter>
    <Filter Include="Source Files\Layouts">
      <UniqueIdentifier>{f95ee98c-2a54-4354-b00b-bee5f61bff2e}</UniqueIdentifier>
    </Filter>
    <Filter Include="Header Files\MainWindow">
      <UniqueIdentifier>{9a8cfa9d-095d-4e82-a1ac-4ec5f2bd2485}</UniqueIdentifier>
    </Filter>
    <Filter Include="Source Files\MainWindow">
      <UniqueIdentifier>{94d5a6ef-e256-44fa-9432-fea562d7530c}</UniqueIdentifier>
    </Filter>
    <Filter Include="Header Files\MemHack">
      <UniqueIdentifier>{24b61b9c-0257-44c3-88ba-543c11edce50}</UniqueIdentifier>
    </Filter>
    <Filter Include="Source Files\MemHack">
      <UniqueIdentifier>{b51e5251-aeb2-49a1-9c04-0023971a4cba}</UniqueIdentifier>
    </Filter>
    <Filter Include="Header Files\Options">
      <UniqueIdentifier>{44c8ddf3-7e95-4c7e-b89a-2eafbe4d5771}</UniqueIdentifier>
    </Filter>
    <Filter Include="Source Files\Options">
      <UniqueIdentifier>{fac3538d-daee-4c18-b936-53d7719f8727}</UniqueIdentifier>
    </Filter>
    <Filter Include="Header Files\Search">
      <UniqueIdentifier>{0bef4e8f-5e4d-442d-b8aa-fa66776aebe8}</UniqueIdentifier>
    </Filter>
    <Filter Include="Source Files\Search">
      <UniqueIdentifier>{96f8660b-76c5-4dab-bfdc-455bec0c6788}</UniqueIdentifier>
    </Filter>
    <Filter Include="Header Files\Primitives">
      <UniqueIdentifier>{e6535f44-ece6-4d46-b631-de7308667fa1}</UniqueIdentifier>
    </Filter>
    <Filter Include="Source Files\Primitives">
      <UniqueIdentifier>{3dea4859-3f5f-4529-8c53-eeaaf00398fa}</UniqueIdentifier>
    </Filter>
    <Filter Include="Header Files\IO">
      <UniqueIdentifier>{48442a3d-5876-43f1-9013-18e0af0ca2e4}</UniqueIdentifier>
    </Filter>
    <Filter Include="Source Files\IO">
      <UniqueIdentifier>{e099969f-e3d0-4247-8bfd-d20cc5a92a25}</UniqueIdentifier>
    </Filter>
    <Filter Include="Header Files\RegEx">
      <UniqueIdentifier>{b54d5c6e-82d8-40c4-b3d2-7e8892254918}</UniqueIdentifier>
    </Filter>
    <Filter Include="Source Files\RegEx">
      <UniqueIdentifier>{9f064894-2358-48b2-bd71-ff3f660c54fb}</UniqueIdentifier>
    </Filter>
    <Filter Include="Header Files\Converter">
      <UniqueIdentifier>{be41803d-cadb-46c3-8f97-df84b4d850a5}</UniqueIdentifier>
    </Filter>
    <Filter Include="Source Files\Converter">
      <UniqueIdentifier>{df9b24b8-c038-4ebc-97ec-c82f627aac03}</UniqueIdentifier>
    </Filter>
    <Filter Include="Header Files\RegEx\Oniguruma">
      <UniqueIdentifier>{fd75fdc2-7615-41d7-a081-79d1dcab05c6}</UniqueIdentifier>
    </Filter>
    <Filter Include="Source Files\RegEx\Oniguruma">
      <UniqueIdentifier>{9739490b-b068-4569-ad02-779d263dc934}</UniqueIdentifier>
    </Filter>
    <Filter Include="Header Files\StringTheory">
      <UniqueIdentifier>{ad567cdd-02ce-417a-b1fb-87198c3a0d87}</UniqueIdentifier>
    </Filter>
    <Filter Include="Source Files\StringTheory">
      <UniqueIdentifier>{fb26edb9-20d0-48c2-891d-fa3d8f3eddd7}</UniqueIdentifier>
    </Filter>
    <Filter Include="Header Files\Html">
      <UniqueIdentifier>{07c2aaf8-4b48-4462-adae-782876c5a80f}</UniqueIdentifier>
    </Filter>
    <Filter Include="Source Files\Html">
      <UniqueIdentifier>{f471cc35-d472-42d6-b7db-5a9e564e0607}</UniqueIdentifier>
    </Filter>
    <Filter Include="Header Files\Hotkeys">
      <UniqueIdentifier>{57426ac6-def4-40c5-a56c-569e02b503bd}</UniqueIdentifier>
    </Filter>
    <Filter Include="Source Files\Hotkeys">
      <UniqueIdentifier>{857e5c3b-75db-4025-bbd6-9aee8e724cd7}</UniqueIdentifier>
    </Filter>
    <Filter Include="Header Files\FloatingPointStudio">
      <UniqueIdentifier>{7101f362-c409-4f7c-b1a4-3ee0ac84fbed}</UniqueIdentifier>
    </Filter>
    <Filter Include="Source Files\FloatingPointStudio">
      <UniqueIdentifier>{f1df9417-b015-453b-8a19-7f65ffe35ae4}</UniqueIdentifier>
    </Filter>
    <Filter Include="Header Files\RamBuffer">
      <UniqueIdentifier>{b3c03f5b-e274-409b-a4fa-f5164d7d20f7}</UniqueIdentifier>
    </Filter>
    <Filter Include="Source Files\RamBuffer">
      <UniqueIdentifier>{179688ee-f8af-4dd7-83b3-10cf0afb7ade}</UniqueIdentifier>
    </Filter>
    <Filter Include="Header Files\Speedhack">
      <UniqueIdentifier>{8e5af683-1842-417a-8ed1-09f413e87007}</UniqueIdentifier>
    </Filter>
    <Filter Include="Source Files\Speedhack">
      <UniqueIdentifier>{265e3114-ede9-4bfb-bbc0-c0c8d27ff60e}</UniqueIdentifier>
    </Filter>
    <Filter Include="Header Files\Programs">
      <UniqueIdentifier>{81a5f3e9-8d22-4e5c-a9e2-2d2ecf79a5fe}</UniqueIdentifier>
    </Filter>
    <Filter Include="Source Files\Programs">
      <UniqueIdentifier>{879f87be-0f98-424a-aadd-8ce677838eb7}</UniqueIdentifier>
    </Filter>
    <Filter Include="Header Files\Disassembler x86_x64">
      <UniqueIdentifier>{b45960bb-e130-42e5-94c2-b5aa8456f0d4}</UniqueIdentifier>
    </Filter>
    <Filter Include="Source Files\Disassembler x86_x64">
      <UniqueIdentifier>{0bf85e4e-9e48-4d1e-abe3-3ec8704a36a1}</UniqueIdentifier>
    </Filter>
    <Filter Include="Header Files\HexEditor">
      <UniqueIdentifier>{573509c3-0766-4233-a10b-9ddbd91b63cc}</UniqueIdentifier>
    </Filter>
    <Filter Include="Source Files\HexEditor">
      <UniqueIdentifier>{0daef47f-a6b0-4dc2-9ec4-5ac54a0aea35}</UniqueIdentifier>
    </Filter>
    <Filter Include="Header Files\CRC">
      <UniqueIdentifier>{88e4822f-e7db-46ab-a7c7-40af0b78faaa}</UniqueIdentifier>
    </Filter>
    <Filter Include="Source Files\CRC">
      <UniqueIdentifier>{0e5d6c1b-d721-4dbc-9e17-942568ca6a79}</UniqueIdentifier>
    </Filter>
  </ItemGroup>
  <ItemGroup>
    <ClCompile Include="Src\Strings\MXStringDecoder.cpp">
      <Filter>Source Files\Strings</Filter>
    </ClCompile>
    <ClCompile Include="Src\main.cpp">
      <Filter>Source Files</Filter>
    </ClCompile>
    <ClCompile Include="Src\MXMhsX.cpp">
      <Filter>Source Files</Filter>
    </ClCompile>
    <ClCompile Include="Src\Files\MXFile.cpp">
      <Filter>Source Files\Files</Filter>
    </ClCompile>
    <ClCompile Include="Src\Files\MXFileMap.cpp">
      <Filter>Source Files\Files</Filter>
    </ClCompile>
    <ClCompile Include="Src\System\MXSystem.cpp">
      <Filter>Source Files\System</Filter>
    </ClCompile>
    <ClCompile Include="Src\PE\MXPeObject.cpp">
      <Filter>Source Files\PE</Filter>
    </ClCompile>
    <ClCompile Include="Src\Utilities\MXUtilities.cpp">
      <Filter>Source Files\Utilities</Filter>
    </ClCompile>
    <ClCompile Include="Src\CodePages\MXCodePages.cpp">
      <Filter>Source Files\CodePages</Filter>
    </ClCompile>
    <ClCompile Include="Src\Layouts\MXMainWindowLayout.cpp">
      <Filter>Source Files\Layouts</Filter>
    </ClCompile>
    <ClCompile Include="Src\Layouts\MXLayoutManager.cpp">
      <Filter>Source Files\Layouts</Filter>
    </ClCompile>
    <ClCompile Include="Src\Layouts\MXOpenProcessLayout.cpp">
      <Filter>Source Files\Layouts</Filter>
    </ClCompile>
    <ClCompile Include="Src\MainWindow\MXMhsMainWindow.cpp">
      <Filter>Source Files\MainWindow</Filter>
    </ClCompile>
    <ClCompile Include="Src\OpenProcess\MXOpenProcessWindow.cpp">
      <Filter>Source Files\OpenProcess</Filter>
    </ClCompile>
    <ClCompile Include="Src\MemHack\MXMemHack.cpp">
      <Filter>Source Files\MemHack</Filter>
    </ClCompile>
    <ClCompile Include="Src\Layouts\MXOptionsLayout.cpp">
      <Filter>Source Files\Layouts</Filter>
    </ClCompile>
    <ClCompile Include="Src\Options\MXOptionsPage.cpp">
      <Filter>Source Files\Options</Filter>
    </ClCompile>
    <ClCompile Include="Src\Options\MXOptionsPageGeneral.cpp">
      <Filter>Source Files\Options</Filter>
    </ClCompile>
    <ClCompile Include="Src\Options\MXOptionsWindow.cpp">
      <Filter>Source Files\Options</Filter>
    </ClCompile>
    <ClCompile Include="Src\Options\MXOptionsPageGenSearch.cpp">
      <Filter>Source Files\Options</Filter>
    </ClCompile>
    <ClCompile Include="Src\Options\MXOptionsPageOpenProc.cpp">
      <Filter>Source Files\Options</Filter>
    </ClCompile>
    <ClCompile Include="Src\MemHack\MXProcess.cpp">
      <Filter>Source Files\MemHack</Filter>
    </ClCompile>
    <ClCompile Include="Src\Layouts\MXFoundAddressLayout.cpp">
      <Filter>Source Files\Layouts</Filter>
    </ClCompile>
    <ClCompile Include="Src\FoundAddresses\MXFoundAddressesWindow.cpp">
      <Filter>Source Files\FoundAddresses</Filter>
    </ClCompile>
    <ClCompile Include="Src\Layouts\MXExpressionEvaluatorLayout.cpp">
      <Filter>Source Files\Layouts</Filter>
    </ClCompile>
    <ClCompile Include="Src\ExpEval\MXExpEvalWindow.cpp">
      <Filter>Source Files\ExpEval</Filter>
    </ClCompile>
    <ClCompile Include="Src\MemHack\MXWindowMemHack.cpp">
      <Filter>Source Files\MemHack</Filter>
    </ClCompile>
    <ClCompile Include="Src\Search\MXAddressChunkList.cpp">
      <Filter>Source Files\Search</Filter>
    </ClCompile>
    <ClCompile Include="Src\Search\MXSearcher.cpp">
      <Filter>Source Files\Search</Filter>
    </ClCompile>
    <ClCompile Include="Src\Layouts\MXNewDataTypeSearchLayout.cpp">
      <Filter>Source Files\Layouts</Filter>
    </ClCompile>
    <ClCompile Include="Src\Search\MXNewDataTypeSearchWindow.cpp">
      <Filter>Source Files\Search</Filter>
    </ClCompile>
    <ClCompile Include="Src\Layouts\MXSearchProgressLayout.cpp">
      <Filter>Source Files\Layouts</Filter>
    </ClCompile>
    <ClCompile Include="Src\Search\MXSearchProgressWindow.cpp">
      <Filter>Source Files\Search</Filter>
    </ClCompile>
    <ClCompile Include="Src\Layouts\MXPeWorksLayout.cpp">
      <Filter>Source Files\Layouts</Filter>
    </ClCompile>
    <ClCompile Include="Src\PE\MXPeWorksWindow.cpp">
      <Filter>Source Files\PE</Filter>
    </ClCompile>
    <ClCompile Include="Src\Search\MXSearchResultBase.cpp">
      <Filter>Source Files\Search</Filter>
    </ClCompile>
    <ClCompile Include="Src\Search\MXSearchResult1.cpp">
      <Filter>Source Files\Search</Filter>
    </ClCompile>
    <ClCompile Include="Src\FoundAddresses\MXFoundAddressesListView.cpp">
      <Filter>Source Files\FoundAddresses</Filter>
    </ClCompile>
    <ClCompile Include="Src\Search\MXSearchResult2.cpp">
      <Filter>Source Files\Search</Filter>
    </ClCompile>
    <ClCompile Include="Src\Layouts\MXNewStringSearchLayout.cpp">
      <Filter>Source Files\Layouts</Filter>
    </ClCompile>
    <ClCompile Include="Src\Search\MXNewStringSearchWindow.cpp">
      <Filter>Source Files\Search</Filter>
    </ClCompile>
    <ClCompile Include="Src\Layouts\MXConverterLayout.cpp">
      <Filter>Source Files\Layouts</Filter>
    </ClCompile>
    <ClCompile Include="Src\Converter\MXConverterWindow.cpp">
      <Filter>Source Files\Converter</Filter>
    </ClCompile>
    <ClCompile Include="Src\Layouts\MXNewPointerSearchLayout.cpp">
      <Filter>Source Files\Layouts</Filter>
    </ClCompile>
    <ClCompile Include="Src\Search\MXNewPointerSearchWindow.cpp">
      <Filter>Source Files\Search</Filter>
    </ClCompile>
    <ClCompile Include="Src\Search\MXSearchResultRef.cpp">
      <Filter>Source Files\Search</Filter>
    </ClCompile>
    <ClCompile Include="Src\RegEx\Oniguruma\ascii.c">
      <Filter>Source Files\RegEx\Oniguruma</Filter>
    </ClCompile>
    <ClCompile Include="Src\RegEx\Oniguruma\big5.c">
      <Filter>Source Files\RegEx\Oniguruma</Filter>
    </ClCompile>
    <ClCompile Include="Src\RegEx\Oniguruma\cp1251.c">
      <Filter>Source Files\RegEx\Oniguruma</Filter>
    </ClCompile>
    <ClCompile Include="Src\RegEx\Oniguruma\euc_jp.c">
      <Filter>Source Files\RegEx\Oniguruma</Filter>
    </ClCompile>
    <ClCompile Include="Src\RegEx\Oniguruma\euc_jp_prop.c">
      <Filter>Source Files\RegEx\Oniguruma</Filter>
    </ClCompile>
    <ClCompile Include="Src\RegEx\Oniguruma\euc_kr.c">
      <Filter>Source Files\RegEx\Oniguruma</Filter>
    </ClCompile>
    <ClCompile Include="Src\RegEx\Oniguruma\euc_tw.c">
      <Filter>Source Files\RegEx\Oniguruma</Filter>
    </ClCompile>
    <ClCompile Include="Src\RegEx\Oniguruma\gb18030.c">
      <Filter>Source Files\RegEx\Oniguruma</Filter>
    </ClCompile>
    <ClCompile Include="Src\RegEx\Oniguruma\iso8859_1.c">
      <Filter>Source Files\RegEx\Oniguruma</Filter>
    </ClCompile>
    <ClCompile Include="Src\RegEx\Oniguruma\iso8859_2.c">
      <Filter>Source Files\RegEx\Oniguruma</Filter>
    </ClCompile>
    <ClCompile Include="Src\RegEx\Oniguruma\iso8859_3.c">
      <Filter>Source Files\RegEx\Oniguruma</Filter>
    </ClCompile>
    <ClCompile Include="Src\RegEx\Oniguruma\iso8859_4.c">
      <Filter>Source Files\RegEx\Oniguruma</Filter>
    </ClCompile>
    <ClCompile Include="Src\RegEx\Oniguruma\iso8859_5.c">
      <Filter>Source Files\RegEx\Oniguruma</Filter>
    </ClCompile>
    <ClCompile Include="Src\RegEx\Oniguruma\iso8859_6.c">
      <Filter>Source Files\RegEx\Oniguruma</Filter>
    </ClCompile>
    <ClCompile Include="Src\RegEx\Oniguruma\iso8859_7.c">
      <Filter>Source Files\RegEx\Oniguruma</Filter>
    </ClCompile>
    <ClCompile Include="Src\RegEx\Oniguruma\iso8859_8.c">
      <Filter>Source Files\RegEx\Oniguruma</Filter>
    </ClCompile>
    <ClCompile Include="Src\RegEx\Oniguruma\iso8859_9.c">
      <Filter>Source Files\RegEx\Oniguruma</Filter>
    </ClCompile>
    <ClCompile Include="Src\RegEx\Oniguruma\iso8859_10.c">
      <Filter>Source Files\RegEx\Oniguruma</Filter>
    </ClCompile>
    <ClCompile Include="Src\RegEx\Oniguruma\iso8859_11.c">
      <Filter>Source Files\RegEx\Oniguruma</Filter>
    </ClCompile>
    <ClCompile Include="Src\RegEx\Oniguruma\iso8859_13.c">
      <Filter>Source Files\RegEx\Oniguruma</Filter>
    </ClCompile>
    <ClCompile Include="Src\RegEx\Oniguruma\iso8859_14.c">
      <Filter>Source Files\RegEx\Oniguruma</Filter>
    </ClCompile>
    <ClCompile Include="Src\RegEx\Oniguruma\iso8859_15.c">
      <Filter>Source Files\RegEx\Oniguruma</Filter>
    </ClCompile>
    <ClCompile Include="Src\RegEx\Oniguruma\iso8859_16.c">
      <Filter>Source Files\RegEx\Oniguruma</Filter>
    </ClCompile>
    <ClCompile Include="Src\RegEx\Oniguruma\koi8.c">
      <Filter>Source Files\RegEx\Oniguruma</Filter>
    </ClCompile>
    <ClCompile Include="Src\RegEx\Oniguruma\koi8_r.c">
      <Filter>Source Files\RegEx\Oniguruma</Filter>
    </ClCompile>
    <ClCompile Include="Src\RegEx\Oniguruma\onig_init.c">
      <Filter>Source Files\RegEx\Oniguruma</Filter>
    </ClCompile>
    <ClCompile Include="Src\RegEx\Oniguruma\regcomp.c">
      <Filter>Source Files\RegEx\Oniguruma</Filter>
    </ClCompile>
    <ClCompile Include="Src\RegEx\Oniguruma\regenc.c">
      <Filter>Source Files\RegEx\Oniguruma</Filter>
    </ClCompile>
    <ClCompile Include="Src\RegEx\Oniguruma\regerror.c">
      <Filter>Source Files\RegEx\Oniguruma</Filter>
    </ClCompile>
    <ClCompile Include="Src\RegEx\Oniguruma\regexec.c">
      <Filter>Source Files\RegEx\Oniguruma</Filter>
    </ClCompile>
    <ClCompile Include="Src\RegEx\Oniguruma\regext.c">
      <Filter>Source Files\RegEx\Oniguruma</Filter>
    </ClCompile>
    <ClCompile Include="Src\RegEx\Oniguruma\reggnu.c">
      <Filter>Source Files\RegEx\Oniguruma</Filter>
    </ClCompile>
    <ClCompile Include="Src\RegEx\Oniguruma\regparse.c">
      <Filter>Source Files\RegEx\Oniguruma</Filter>
    </ClCompile>
    <ClCompile Include="Src\RegEx\Oniguruma\regposerr.c">
      <Filter>Source Files\RegEx\Oniguruma</Filter>
    </ClCompile>
    <ClCompile Include="Src\RegEx\Oniguruma\regposix.c">
      <Filter>Source Files\RegEx\Oniguruma</Filter>
    </ClCompile>
    <ClCompile Include="Src\RegEx\Oniguruma\regsyntax.c">
      <Filter>Source Files\RegEx\Oniguruma</Filter>
    </ClCompile>
    <ClCompile Include="Src\RegEx\Oniguruma\regtrav.c">
      <Filter>Source Files\RegEx\Oniguruma</Filter>
    </ClCompile>
    <ClCompile Include="Src\RegEx\Oniguruma\regversion.c">
      <Filter>Source Files\RegEx\Oniguruma</Filter>
    </ClCompile>
    <ClCompile Include="Src\RegEx\Oniguruma\sjis.c">
      <Filter>Source Files\RegEx\Oniguruma</Filter>
    </ClCompile>
    <ClCompile Include="Src\RegEx\Oniguruma\sjis_prop.c">
      <Filter>Source Files\RegEx\Oniguruma</Filter>
    </ClCompile>
    <ClCompile Include="Src\RegEx\Oniguruma\st.c">
      <Filter>Source Files\RegEx\Oniguruma</Filter>
    </ClCompile>
    <ClCompile Include="Src\RegEx\Oniguruma\unicode.c">
      <Filter>Source Files\RegEx\Oniguruma</Filter>
    </ClCompile>
    <ClCompile Include="Src\RegEx\Oniguruma\unicode_fold1_key.c">
      <Filter>Source Files\RegEx\Oniguruma</Filter>
    </ClCompile>
    <ClCompile Include="Src\RegEx\Oniguruma\unicode_fold2_key.c">
      <Filter>Source Files\RegEx\Oniguruma</Filter>
    </ClCompile>
    <ClCompile Include="Src\RegEx\Oniguruma\unicode_fold3_key.c">
      <Filter>Source Files\RegEx\Oniguruma</Filter>
    </ClCompile>
    <ClCompile Include="Src\RegEx\Oniguruma\unicode_unfold_key.c">
      <Filter>Source Files\RegEx\Oniguruma</Filter>
    </ClCompile>
    <ClCompile Include="Src\RegEx\Oniguruma\utf8.c">
      <Filter>Source Files\RegEx\Oniguruma</Filter>
    </ClCompile>
    <ClCompile Include="Src\RegEx\Oniguruma\utf16_be.c">
      <Filter>Source Files\RegEx\Oniguruma</Filter>
    </ClCompile>
    <ClCompile Include="Src\RegEx\Oniguruma\utf16_le.c">
      <Filter>Source Files\RegEx\Oniguruma</Filter>
    </ClCompile>
    <ClCompile Include="Src\RegEx\Oniguruma\utf32_be.c">
      <Filter>Source Files\RegEx\Oniguruma</Filter>
    </ClCompile>
    <ClCompile Include="Src\RegEx\Oniguruma\utf32_le.c">
      <Filter>Source Files\RegEx\Oniguruma</Filter>
    </ClCompile>
    <ClCompile Include="Src\RegEx\MXOnigurumaSystem.cpp">
      <Filter>Source Files\RegEx</Filter>
    </ClCompile>
    <ClCompile Include="Src\StringTheory\MXStringTheoryWindow.cpp">
      <Filter>Source Files\StringTheory</Filter>
    </ClCompile>
    <ClCompile Include="Src\Layouts\MXStringTheoryLayout.cpp">
      <Filter>Source Files\Layouts</Filter>
    </ClCompile>
    <ClCompile Include="Src\Html\MXHtml.cpp">
      <Filter>Source Files\Html</Filter>
    </ClCompile>
    <ClCompile Include="Src\Options\MXOptionsPageHotkeys.cpp">
      <Filter>Source Files\Options</Filter>
    </ClCompile>
    <ClCompile Include="Src\Hotkeys\MXHotkeyManBase.cpp">
      <Filter>Source Files\Hotkeys</Filter>
    </ClCompile>
    <ClCompile Include="Src\Hotkeys\MXHotkeyRegisterHotKeyMethod.cpp">
      <Filter>Source Files\Hotkeys</Filter>
    </ClCompile>
    <ClCompile Include="Src\Hotkeys\MXHotkeyManager.cpp">
      <Filter>Source Files\Hotkeys</Filter>
    </ClCompile>
    <ClCompile Include="Src\Options\MXOptionsPageSearchEx.cpp">
      <Filter>Source Files\Options</Filter>
    </ClCompile>
    <ClCompile Include="Src\Search\MXNewExpressionSearchWindow.cpp">
      <Filter>Source Files\Search</Filter>
    </ClCompile>
    <ClCompile Include="Src\Layouts\MXNewExpressionSearchLayout.cpp">
      <Filter>Source Files\Layouts</Filter>
    </ClCompile>
    <ClCompile Include="Src\Hotkeys\MXHotkeyPollingMethod.cpp">
      <Filter>Source Files\Hotkeys</Filter>
    </ClCompile>
    <ClCompile Include="Src\Hotkeys\MXHotkeyWhKeyboardMethod.cpp">
      <Filter>Source Files\Hotkeys</Filter>
    </ClCompile>
    <ClCompile Include="Src\Layouts\MXFloatingPointStudioLayout.cpp">
      <Filter>Source Files\Layouts</Filter>
    </ClCompile>
    <ClCompile Include="Src\Layouts\MXTemplateLayout.cpp">
      <Filter>Source Files\Layouts</Filter>
    </ClCompile>
    <ClCompile Include="Src\FloatingPointStudio\MXFloatingPointStudioWindow.cpp">
      <Filter>Source Files\FloatingPointStudio</Filter>
    </ClCompile>
    <ClCompile Include="Src\Utilities\MXTemplateWindow.cpp">
      <Filter>Source Files\Utilities</Filter>
    </ClCompile>
    <ClCompile Include="Src\Layouts\MXStandardSubsearchLayout.cpp">
      <Filter>Source Files\Layouts</Filter>
    </ClCompile>
    <ClCompile Include="Src\Search\MXStandardSubsearchWindow.cpp">
      <Filter>Source Files\Search</Filter>
    </ClCompile>
    <ClCompile Include="Src\RamBuffer\MXRamBuffer.cpp">
      <Filter>Source Files\RamBuffer</Filter>
    </ClCompile>
    <ClCompile Include="Src\Layouts\MXExpressionSubsearchLayout.cpp">
      <Filter>Source Files\Layouts</Filter>
    </ClCompile>
    <ClCompile Include="Src\Layouts\MXStringTheoryQuickReplaceLayout.cpp">
      <Filter>Source Files\Layouts</Filter>
    </ClCompile>
    <ClCompile Include="Src\Layouts\MXStringTheoryOperationsLayout.cpp">
      <Filter>Source Files\Layouts</Filter>
    </ClCompile>
    <ClCompile Include="Src\StringTheory\MXStringTheoryOperationsWindow.cpp">
      <Filter>Source Files\StringTheory</Filter>
    </ClCompile>
    <ClCompile Include="Src\Options\MXOptionsPagePrograms.cpp">
      <Filter>Source Files\Options</Filter>
    </ClCompile>
    <ClCompile Include="Src\Disassembler x86_x64\MXDisassemGen.cpp">
      <Filter>Source Files\Disassembler x86_x64</Filter>
    </ClCompile>
    <ClCompile Include="Src\FoundAddresses\MXFoundAddress.cpp">
      <Filter>Source Files\FoundAddresses</Filter>
    </ClCompile>
    <ClCompile Include="Src\FoundAddresses\MXFoundAddressBase.cpp">
      <Filter>Source Files\FoundAddresses</Filter>
    </ClCompile>
    <ClCompile Include="Src\FoundAddresses\MXFoundAddressManager.cpp">
      <Filter>Source Files\FoundAddresses</Filter>
    </ClCompile>
    <ClCompile Include="Src\Layouts\MXFoundAddressEditLayout.cpp">
      <Filter>Source Files\Layouts</Filter>
    </ClCompile>
    <ClCompile Include="Src\FoundAddresses\MXFoundAddressEditWindow.cpp">
      <Filter>Source Files\FoundAddresses</Filter>
    </ClCompile>
    <ClCompile Include="Src\FoundAddresses\MXFoundAddressEditMainPage.cpp">
      <Filter>Source Files\FoundAddresses</Filter>
    </ClCompile>
    <ClCompile Include="Src\Files\MXLargeCoWFileWindow.cpp">
      <Filter>Source Files\Files</Filter>
    </ClCompile>
    <ClCompile Include="Src\Layouts\MXAddFoundAddressWindowLayout.cpp">
      <Filter>Source Files\Layouts</Filter>
    </ClCompile>
    <ClCompile Include="Src\FoundAddresses\MXAddFoundAddressWindow.cpp">
      <Filter>Source Files\FoundAddresses</Filter>
    </ClCompile>
    <ClCompile Include="Src\FoundAddresses\MXMoveAddressesWindow.cpp">
      <Filter>Source Files\FoundAddresses</Filter>
    </ClCompile>
    <ClCompile Include="Src\Layouts\MXMoveAddressesWindowLayout.cpp">
      <Filter>Source Files\Layouts</Filter>
    </ClCompile>
    <ClCompile Include="Src\CRC\MXCrc.cpp">
      <Filter>Source Files\CRC</Filter>
    </ClCompile>
    <ClCompile Include="Src\Layouts\MXDeuHexMachinaWindowLayout.cpp">
      <Filter>Source Files\Layouts</Filter>
    </ClCompile>
    <ClCompile Include="Src\HexEditor\MXDeusHexMachinaWindow.cpp">
      <Filter>Source Files\HexEditor</Filter>
    </ClCompile>
    <ClCompile Include="Src\HexEditor\MXHexEditorControl.cpp">
      <Filter>Source Files\HexEditor</Filter>
    </ClCompile>
  </ItemGroup>
  <ItemGroup>
    <CustomBuild Include="Src\MXMhsX.h">
      <Filter>Header Files</Filter>
    </CustomBuild>
  </ItemGroup>
  <ItemGroup>
    <ClInclude Include="Src\Strings\MXStringMacros.h">
      <Filter>Header Files\Strings</Filter>
    </ClInclude>
    <ClInclude Include="Src\Strings\MXStringDecoder.h">
      <Filter>Header Files\Strings</Filter>
    </ClInclude>
    <ClInclude Include="Src\Files\MXFile.h">
      <Filter>Header Files\Files</Filter>
    </ClInclude>
    <ClInclude Include="Src\Files\MXFileMap.h">
      <Filter>Header Files\Files</Filter>
    </ClInclude>
    <ClInclude Include="Src\System\MXSystem.h">
      <Filter>Header Files\System</Filter>
    </ClInclude>
    <ClInclude Include="Src\PE\MXPeStructs.h">
      <Filter>Header Files\PE</Filter>
    </ClInclude>
    <ClInclude Include="Src\PE\MXPeObject.h">
      <Filter>Header Files\PE</Filter>
    </ClInclude>
    <ClInclude Include="Src\Utilities\MXUtilities.h">
      <Filter>Header Files\Utilities</Filter>
    </ClInclude>
    <ClInclude Include="Src\CodePages\MXCodePages.h">
      <Filter>Header Files\CodePages</Filter>
    </ClInclude>
    <ClInclude Include="Src\Layouts\MXMainWindowLayout.h">
      <Filter>Header Files\Layouts</Filter>
    </ClInclude>
    <ClInclude Include="Src\Layouts\MXLayoutManager.h">
      <Filter>Header Files\Layouts</Filter>
    </ClInclude>
    <ClInclude Include="Src\Layouts\MXOpenProcessLayout.h">
      <Filter>Header Files\Layouts</Filter>
    </ClInclude>
    <ClInclude Include="Src\MainWindow\MXMhsMainWindow.h">
      <Filter>Header Files\MainWindow</Filter>
    </ClInclude>
    <ClInclude Include="Src\OpenProcess\MXOpenProcessWindow.h">
      <Filter>Header Files\OpenProcess</Filter>
    </ClInclude>
    <ClInclude Include="Src\Layouts\MXLayoutMacros.h">
      <Filter>Header Files\Layouts</Filter>
    </ClInclude>
    <ClInclude Include="Src\MemHack\MXMemHack.h">
      <Filter>Header Files\MemHack</Filter>
    </ClInclude>
    <ClInclude Include="Src\Layouts\MXOptionsLayout.h">
      <Filter>Header Files\Layouts</Filter>
    </ClInclude>
    <ClInclude Include="Src\Options\MXOptionsPage.h">
      <Filter>Header Files\Options</Filter>
    </ClInclude>
    <ClInclude Include="Src\Options\MXOptionsPageGeneral.h">
      <Filter>Header Files\Options</Filter>
    </ClInclude>
    <ClInclude Include="Src\Options\MXOptionsWindow.h">
      <Filter>Header Files\Options</Filter>
    </ClInclude>
    <ClInclude Include="Src\Options\MXOptionsPageGenSearch.h">
      <Filter>Header Files\Options</Filter>
    </ClInclude>
    <ClInclude Include="Src\Options\MXOptions.h">
      <Filter>Header Files\Options</Filter>
    </ClInclude>
    <ClInclude Include="Src\Options\MXOptionsPageOpenProc.h">
      <Filter>Header Files\Options</Filter>
    </ClInclude>
    <ClInclude Include="Src\MemHack\MXProcess.h">
      <Filter>Header Files\MemHack</Filter>
    </ClInclude>
    <ClInclude Include="Src\Layouts\MXFoundAddressLayout.h">
      <Filter>Header Files\Layouts</Filter>
    </ClInclude>
    <ClInclude Include="Src\FoundAddresses\MXFoundAddressesWindow.h">
      <Filter>Header Files\FoundAddresses</Filter>
    </ClInclude>
    <ClInclude Include="Src\Layouts\MXExpressionEvaluatorLayout.h">
      <Filter>Header Files\Layouts</Filter>
    </ClInclude>
    <ClInclude Include="Src\ExpEval\MXExpEvalWindow.h">
      <Filter>Header Files\ExpEval</Filter>
    </ClInclude>
    <ClInclude Include="Src\MemHack\MXWindowMemHack.h">
      <Filter>Header Files\MemHack</Filter>
    </ClInclude>
    <ClInclude Include="Src\Search\MXAddressChunkList.h">
      <Filter>Header Files\Search</Filter>
    </ClInclude>
    <ClInclude Include="Src\Search\MXSearcher.h">
      <Filter>Header Files\Search</Filter>
    </ClInclude>
    <ClInclude Include="Src\Layouts\MXNewDataTypeSearchLayout.h">
      <Filter>Header Files\Layouts</Filter>
    </ClInclude>
    <ClInclude Include="Src\Search\MXNewDataTypeSearchWindow.h">
      <Filter>Header Files\Search</Filter>
    </ClInclude>
    <ClInclude Include="Src\Layouts\MXSearchProgressLayout.h">
      <Filter>Header Files\Layouts</Filter>
    </ClInclude>
    <ClInclude Include="Src\Search\MXSearchProgressWindow.h">
      <Filter>Header Files\Search</Filter>
    </ClInclude>
    <ClInclude Include="Src\Layouts\MXPeWorksLayout.h">
      <Filter>Header Files\Layouts</Filter>
    </ClInclude>
    <ClInclude Include="Src\PE\MXPeWorksWindow.h">
      <Filter>Header Files\PE</Filter>
    </ClInclude>
    <ClInclude Include="Src\Strings\MXSecureString.h">
      <Filter>Header Files\Strings</Filter>
    </ClInclude>
    <ClInclude Include="Src\Strings\MXSecureWString.h">
      <Filter>Header Files\Strings</Filter>
    </ClInclude>
    <ClInclude Include="Src\Search\MXSearchResultBase.h">
      <Filter>Header Files\Search</Filter>
    </ClInclude>
    <ClInclude Include="Src\Search\MXSearchResult1.h">
      <Filter>Header Files\Search</Filter>
    </ClInclude>
    <ClInclude Include="Src\Primitives\MXPrimitiveBase.h">
      <Filter>Header Files\Primitives</Filter>
    </ClInclude>
    <ClInclude Include="Src\FoundAddresses\MXFoundAddressesListView.h">
      <Filter>Header Files\FoundAddresses</Filter>
    </ClInclude>
    <ClInclude Include="Src\Search\MXSearchResult2.h">
      <Filter>Header Files\Search</Filter>
    </ClInclude>
    <ClInclude Include="Src\IO\MXInOutInterface.h">
      <Filter>Header Files\IO</Filter>
    </ClInclude>
    <ClInclude Include="Src\Search\MXSearchResultLocker.h">
      <Filter>Header Files\Search</Filter>
    </ClInclude>
    <ClInclude Include="Src\Files\MXFileIo.h">
      <Filter>Header Files\Files</Filter>
    </ClInclude>
    <ClInclude Include="Src\Files\MXFileMapIo.h">
      <Filter>Header Files\Files</Filter>
    </ClInclude>
    <ClInclude Include="Src\Layouts\MXNewStringSearchLayout.h">
      <Filter>Header Files\Layouts</Filter>
    </ClInclude>
    <ClInclude Include="Src\Search\MXNewStringSearchWindow.h">
      <Filter>Header Files\Search</Filter>
    </ClInclude>
    <ClInclude Include="Src\Converter\MXConverterWindow.h">
      <Filter>Header Files\Converter</Filter>
    </ClInclude>
    <ClInclude Include="Src\Layouts\MXConverterLayout.h">
      <Filter>Header Files\Layouts</Filter>
    </ClInclude>
    <ClInclude Include="Src\Layouts\MXNewPointerSearchLayout.h">
      <Filter>Header Files\Layouts</Filter>
    </ClInclude>
    <ClInclude Include="Src\Search\MXNewPointerSearchWindow.h">
      <Filter>Header Files\Search</Filter>
    </ClInclude>
    <ClInclude Include="Src\Search\MXSearchResultRef.h">
      <Filter>Header Files\Search</Filter>
    </ClInclude>
    <ClInclude Include="Src\RegEx\Oniguruma\st.h">
      <Filter>Header Files\RegEx\Oniguruma</Filter>
    </ClInclude>
    <ClInclude Include="Src\RegEx\Oniguruma\oniggnu.h">
      <Filter>Header Files\RegEx\Oniguruma</Filter>
    </ClInclude>
    <ClInclude Include="Src\RegEx\Oniguruma\onigposix.h">
      <Filter>Header Files\RegEx\Oniguruma</Filter>
    </ClInclude>
    <ClInclude Include="Src\RegEx\Oniguruma\oniguruma.h">
      <Filter>Header Files\RegEx\Oniguruma</Filter>
    </ClInclude>
    <ClInclude Include="Src\RegEx\Oniguruma\regenc.h">
      <Filter>Header Files\RegEx\Oniguruma</Filter>
    </ClInclude>
    <ClInclude Include="Src\RegEx\Oniguruma\regint.h">
      <Filter>Header Files\RegEx\Oniguruma</Filter>
    </ClInclude>
    <ClInclude Include="Src\RegEx\Oniguruma\regparse.h">
      <Filter>Header Files\RegEx\Oniguruma</Filter>
    </ClInclude>
    <ClInclude Include="Src\RegEx\Oniguruma\config.h">
      <Filter>Header Files\RegEx\Oniguruma</Filter>
    </ClInclude>
    <ClInclude Include="Src\RegEx\MXOnigurumaRegion.h">
      <Filter>Header Files\RegEx</Filter>
    </ClInclude>
    <ClInclude Include="Src\RegEx\MXOnigurumaSystem.h">
      <Filter>Header Files\RegEx</Filter>
    </ClInclude>
    <ClInclude Include="Src\RegEx\MXOnigurumaRegex.h">
      <Filter>Header Files\RegEx</Filter>
    </ClInclude>
    <ClInclude Include="Src\StringTheory\MXStringTheoryWindow.h">
      <Filter>Header Files\StringTheory</Filter>
    </ClInclude>
    <ClInclude Include="Src\Layouts\MXStringTheoryLayout.h">
      <Filter>Header Files\Layouts</Filter>
    </ClInclude>
    <ClInclude Include="Src\Html\MXHtml.h">
      <Filter>Header Files\Html</Filter>
    </ClInclude>
    <ClInclude Include="Src\Hotkeys\MXHotkeyManBase.h">
      <Filter>Header Files\Hotkeys</Filter>
    </ClInclude>
    <ClInclude Include="Src\Hotkeys\MXHotkeyRegisterHotKeyMethod.h">
      <Filter>Header Files\Hotkeys</Filter>
    </ClInclude>
    <ClInclude Include="Src\Hotkeys\MXHotkeyManager.h">
      <Filter>Header Files\Hotkeys</Filter>
    </ClInclude>
    <ClInclude Include="Src\Options\MXOptionsPageSearchEx.h">
      <Filter>Header Files\Options</Filter>
    </ClInclude>
    <ClInclude Include="Src\Search\MXNewExpressionSearchWindow.h">
      <Filter>Header Files\Search</Filter>
    </ClInclude>
    <ClInclude Include="Src\Layouts\MXNewExpressionSearchLayout.h">
      <Filter>Header Files\Layouts</Filter>
    </ClInclude>
    <ClInclude Include="Src\Options\MXOptionsPageHotkeys.h">
      <Filter>Header Files\Options</Filter>
    </ClInclude>
    <ClInclude Include="Src\Hotkeys\MXHotkeyPollingMethod.h">
      <Filter>Header Files\Hotkeys</Filter>
    </ClInclude>
    <ClInclude Include="Src\Hotkeys\MXHotkeyWhKeyboardMethod.h">
      <Filter>Header Files\Hotkeys</Filter>
    </ClInclude>
    <ClInclude Include="Src\Layouts\MXFloatingPointStudioLayout.h">
      <Filter>Header Files\Layouts</Filter>
    </ClInclude>
    <ClInclude Include="Src\Layouts\MXTemplateLayout.h">
      <Filter>Header Files\Layouts</Filter>
    </ClInclude>
    <ClInclude Include="Src\FloatingPointStudio\MXFloatingPointStudioWindow.h">
      <Filter>Header Files\FloatingPointStudio</Filter>
    </ClInclude>
    <ClInclude Include="Src\Utilities\MXTemplateWindow.h">
      <Filter>Header Files\Utilities</Filter>
    </ClInclude>
    <ClInclude Include="Src\Layouts\MXStandardSubsearchLayout.h">
      <Filter>Header Files\Layouts</Filter>
    </ClInclude>
    <ClInclude Include="Src\Search\MXStandardSubsearchWindow.h">
      <Filter>Header Files\Search</Filter>
    </ClInclude>
    <ClInclude Include="Src\RamBuffer\MXRamBuffer.h">
      <Filter>Header Files\RamBuffer</Filter>
    </ClInclude>
    <ClInclude Include="Src\Layouts\MXExpressionSubsearchLayout.h">
      <Filter>Header Files\Layouts</Filter>
    </ClInclude>
    <ClInclude Include="Src\Layouts\MXStringTheoryQuickReplaceLayout.h">
      <Filter>Header Files\Layouts</Filter>
    </ClInclude>
    <ClInclude Include="Src\Layouts\MXStringTheoryOperationsLayout.h">
      <Filter>Header Files\Layouts</Filter>
    </ClInclude>
    <ClInclude Include="Src\StringTheory\MXStringTheoryOperationsWindow.h">
      <Filter>Header Files\StringTheory</Filter>
    </ClInclude>
    <ClInclude Include="Src\Options\MXOptionsPagePrograms.h">
      <Filter>Header Files\Options</Filter>
    </ClInclude>
    <ClInclude Include="Src\Programs\MXPrograms.h">
      <Filter>Header Files\Programs</Filter>
    </ClInclude>
    <ClInclude Include="Src\Disassembler x86_x64\MXDisassemGen.h">
      <Filter>Header Files\Disassembler x86_x64</Filter>
    </ClInclude>
    <ClInclude Include="Src\Disassembler x86_x64\MXDisassem.h">
      <Filter>Header Files\Disassembler x86_x64</Filter>
    </ClInclude>
    <ClInclude Include="Src\Utilities\MXStream.h">
      <Filter>Header Files\Utilities</Filter>
    </ClInclude>
    <ClInclude Include="Src\FoundAddresses\MXFoundAddress.h">
      <Filter>Header Files\FoundAddresses</Filter>
    </ClInclude>
    <ClInclude Include="Src\FoundAddresses\MXFoundAddressBase.h">
      <Filter>Header Files\FoundAddresses</Filter>
    </ClInclude>
    <ClInclude Include="Src\FoundAddresses\MXFoundAddressManager.h">
      <Filter>Header Files\FoundAddresses</Filter>
    </ClInclude>
    <ClInclude Include="Src\FoundAddresses\MXFoundAddressGroup.h">
      <Filter>Header Files\FoundAddresses</Filter>
    </ClInclude>
    <ClInclude Include="Src\Layouts\MXFoundAddressEditLayout.h">
      <Filter>Header Files\Layouts</Filter>
    </ClInclude>
    <ClInclude Include="Src\FoundAddresses\MXFoundAddressEditWindow.h">
      <Filter>Header Files\FoundAddresses</Filter>
    </ClInclude>
    <ClInclude Include="Src\FoundAddresses\MXFoundAddressEditMainPage.h">
      <Filter>Header Files\FoundAddresses</Filter>
    </ClInclude>
    <ClInclude Include="Src\FoundAddresses\MXFoundAddressEditPageBase.h">
      <Filter>Header Files\FoundAddresses</Filter>
    </ClInclude>
    <ClInclude Include="Src\Files\MXLargeCoWFileWindow.h">
      <Filter>Header Files\Files</Filter>
    </ClInclude>
    <ClInclude Include="Src\Layouts\MXAddFoundAddressWindowLayout.h">
      <Filter>Header Files\Layouts</Filter>
    </ClInclude>
    <ClInclude Include="Src\FoundAddresses\MXAddFoundAddressWindow.h">
      <Filter>Header Files\FoundAddresses</Filter>
    </ClInclude>
    <ClInclude Include="Src\FoundAddresses\MXMoveAddressesWindow.h">
      <Filter>Header Files\FoundAddresses</Filter>
    </ClInclude>
    <ClInclude Include="Src\Layouts\MXMoveAddressesWindowLayout.h">
      <Filter>Header Files\Layouts</Filter>
    </ClInclude>
    <ClInclude Include="Src\CRC\MXCrc.h">
      <Filter>Header Files\CRC</Filter>
    </ClInclude>
    <ClInclude Include="Src\Layouts\MXDeuHexMachinaWindowLayout.h">
      <Filter>Header Files\Layouts</Filter>
    </ClInclude>
    <ClInclude Include="Src\HexEditor\MXDeusHexMachinaWindow.h">
      <Filter>Header Files\HexEditor</Filter>
    </ClInclude>
    <ClInclude Include="Src\HexEditor\MXHexEditorControl.h">
      <Filter>Header Files\HexEditor</Filter>
    </ClInclude>
  </ItemGroup>
  <ItemGroup>
    <Manifest Include="MhsX.exe.intermediate.manifest">
      <Filter>Resource Files</Filter>
    </Manifest>
  </ItemGroup>
</Project>