<?xml version="1.0" encoding="utf-8"?>
<Project ToolsVersion="4.0" xmlns="http://schemas.microsoft.com/developer/msbuild/2003">
  <ItemGroup>
    <Filter Include="Source Files">
      <UniqueIdentifier>{4FC737F1-C7A5-4376-A066-2A32D752A2FF}</UniqueIdentifier>
      <Extensions>cpp;cxx;c;def</Extensions>
    </Filter>
    <Filter Include="Header Files">
      <UniqueIdentifier>{93995380-89BD-4b04-88EB-625FBE52EBFB}</UniqueIdentifier>
      <Extensions>h</Extensions>
    </Filter>
    <Filter Include="Form Files">
      <UniqueIdentifier>{99349809-55BA-4b9d-BF79-8FDBB0286EB3}</UniqueIdentifier>
      <Extensions>ui</Extensions>
    </Filter>
    <Filter Include="Resource Files">
      <UniqueIdentifier>{D9D6E242-F8AF-46E4-B9FD-80ECBC20BA3E}</UniqueIdentifier>
      <Extensions>qrc;*</Extensions>
      <ParseFiles>false</ParseFiles>
    </Filter>
    <Filter Include="Generated Files">
      <UniqueIdentifier>{71ED8ED8-ACB9-4CE9-BBE1-E00B30144E11}</UniqueIdentifier>
      <Extensions>moc;h;cpp</Extensions>
      <SourceControlFiles>False</SourceControlFiles>
    </Filter>
    <Filter Include="Generated Files\Debug">
      <UniqueIdentifier>{c625712d-3f5b-42cf-a824-0512c01f60b2}</UniqueIdentifier>
      <Extensions>cpp;moc</Extensions>
      <SourceControlFiles>False</SourceControlFiles>
    </Filter>
    <Filter Include="Generated Files\Release">
      <UniqueIdentifier>{633137d0-1713-47dd-9019-f78642bcfff2}</UniqueIdentifier>
      <Extensions>cpp;moc</Extensions>
      <SourceControlFiles>False</SourceControlFiles>
    </Filter>
    <Filter Include="Source Files\Strings">
      <UniqueIdentifier>{03b256a9-180e-4b1e-85e5-a2368edb6063}</UniqueIdentifier>
    </Filter>
    <Filter Include="Header Files\Strings">
      <UniqueIdentifier>{be4fbec6-a89c-4e4c-8544-9de947097e7c}</UniqueIdentifier>
    </Filter>
    <Filter Include="Header Files\ExpEval">
      <UniqueIdentifier>{6ef8646b-0798-4adb-b202-f1acca6da196}</UniqueIdentifier>
    </Filter>
    <Filter Include="Source Files\ExpEval">
      <UniqueIdentifier>{9b627f28-7d4b-4fe1-873b-d0c864e74204}</UniqueIdentifier>
    </Filter>
    <Filter Include="Header Files\FoundAddresses">
      <UniqueIdentifier>{b3d5b645-9eca-4a9a-8dc5-a4d464d16524}</UniqueIdentifier>
    </Filter>
    <Filter Include="Source Files\FoundAddresses">
      <UniqueIdentifier>{e8de9f61-494e-4914-9531-d96b818626a0}</UniqueIdentifier>
    </Filter>
    <Filter Include="Header Files\Files">
      <UniqueIdentifier>{39511840-6f80-4409-ba88-b3e7246561f6}</UniqueIdentifier>
    </Filter>
    <Filter Include="Source Files\Files">
      <UniqueIdentifier>{1e33c66c-8318-47d6-a5d5-78d93ecc8216}</UniqueIdentifier>
    </Filter>
    <Filter Include="Header Files\System">
      <UniqueIdentifier>{1ad00288-0c00-41dd-981d-dc4e2b515c1b}</UniqueIdentifier>
    </Filter>
    <Filter Include="Source Files\System">
      <UniqueIdentifier>{fe0c3b81-4036-490f-9994-d73e6ed27a43}</UniqueIdentifier>
    </Filter>
    <Filter Include="Header Files\PE">
      <UniqueIdentifier>{1dc94a43-fd47-47b3-bfca-dc14d499cc72}</UniqueIdentifier>
    </Filter>
    <Filter Include="Source Files\PE">
      <UniqueIdentifier>{1cd8e32f-f155-4fd7-b5ba-a37eff6e4380}</UniqueIdentifier>
    </Filter>
    <Filter Include="Header Files\TreeViews">
      <UniqueIdentifier>{c47c7b9c-5a04-4393-be0d-c75eea797dde}</UniqueIdentifier>
    </Filter>
    <Filter Include="Source Files\TreeViews">
      <UniqueIdentifier>{f882f9d6-0944-4c74-b357-36bc061c4879}</UniqueIdentifier>
    </Filter>
    <Filter Include="Header Files\Utilities">
      <UniqueIdentifier>{7ea8a197-7cd8-4344-91ae-93acc1f44449}</UniqueIdentifier>
    </Filter>
    <Filter Include="Source Files\Utilities">
      <UniqueIdentifier>{52d7b450-3a5b-4f4f-9df8-b253c6899524}</UniqueIdentifier>
    </Filter>
    <Filter Include="Header Files\CodePages">
      <UniqueIdentifier>{ffc9ddec-c960-49c8-864a-09fcf9317815}</UniqueIdentifier>
    </Filter>
    <Filter Include="Source Files\CodePages">
      <UniqueIdentifier>{d9f1f17b-2b0b-4119-86b6-55809c85a2f0}</UniqueIdentifier>
    </Filter>
    <Filter Include="Header Files\OpenProcess">
      <UniqueIdentifier>{92c4fa9f-e43e-4ad4-8c34-e14f9abb5296}</UniqueIdentifier>
    </Filter>
    <Filter Include="Source Files\OpenProcess">
      <UniqueIdentifier>{68aed861-47a5-499e-bcca-bf1d71d1e671}</UniqueIdentifier>
    </Filter>
  </ItemGroup>
  <ItemGroup>
    <ClCompile Include="GeneratedFiles\qrc_MXMhsX.cpp">
      <Filter>Generated Files</Filter>
    </ClCompile>
    <ClCompile Include="Src\ExpEval\MXExpEvalDockWidget.cpp">
      <Filter>Source Files\ExpEval</Filter>
    </ClCompile>
    <ClCompile Include="GeneratedFiles\Debug\moc_MXExpEvalDockWidget.cpp">
      <Filter>Generated Files\Debug</Filter>
    </ClCompile>
    <ClCompile Include="GeneratedFiles\Release\moc_MXExpEvalDockWidget.cpp">
      <Filter>Generated Files\Release</Filter>
    </ClCompile>
    <ClCompile Include="Src\Strings\MXStringDecoder.cpp">
      <Filter>Source Files\Strings</Filter>
    </ClCompile>
    <ClCompile Include="Src\main.cpp">
      <Filter>Source Files</Filter>
    </ClCompile>
    <ClCompile Include="Src\MXMhsX.cpp">
      <Filter>Source Files</Filter>
    </ClCompile>
    <ClCompile Include="GeneratedFiles\Debug\moc_MXMhsX.cpp">
      <Filter>Generated Files\Debug</Filter>
    </ClCompile>
    <ClCompile Include="GeneratedFiles\Release\moc_MXMhsX.cpp">
      <Filter>Generated Files\Release</Filter>
    </ClCompile>
    <ClCompile Include="Src\FoundAddresses\MXFoundAddresses.cpp">
      <Filter>Source Files\FoundAddresses</Filter>
    </ClCompile>
    <ClCompile Include="GeneratedFiles\Debug\moc_MXFoundAddresses.cpp">
      <Filter>Generated Files\Debug</Filter>
    </ClCompile>
    <ClCompile Include="GeneratedFiles\Release\moc_MXFoundAddresses.cpp">
      <Filter>Generated Files\Release</Filter>
    </ClCompile>
    <ClCompile Include="Src\Files\MXFile.cpp">
      <Filter>Source Files\Files</Filter>
    </ClCompile>
    <ClCompile Include="Src\Files\MXFileMap.cpp">
      <Filter>Source Files\Files</Filter>
    </ClCompile>
    <ClCompile Include="Src\System\MXSystem.cpp">
      <Filter>Source Files\System</Filter>
    </ClCompile>
    <ClCompile Include="Src\PE\MXPeWorks.cpp">
      <Filter>Source Files\PE</Filter>
    </ClCompile>
    <ClCompile Include="Src\PE\MXPeWorksUi.cpp">
      <Filter>Source Files\PE</Filter>
    </ClCompile>
    <ClCompile Include="GeneratedFiles\Debug\moc_MXPeWorksUi.cpp">
      <Filter>Generated Files\Debug</Filter>
    </ClCompile>
    <ClCompile Include="GeneratedFiles\Release\moc_MXPeWorksUi.cpp">
      <Filter>Generated Files\Release</Filter>
    </ClCompile>
    <ClCompile Include="Src\PE\MXPeTab.cpp">
      <Filter>Source Files\PE</Filter>
    </ClCompile>
    <ClCompile Include="GeneratedFiles\Debug\moc_MXPeTab.cpp">
      <Filter>Generated Files\Debug</Filter>
    </ClCompile>
    <ClCompile Include="GeneratedFiles\Release\moc_MXPeTab.cpp">
      <Filter>Generated Files\Release</Filter>
    </ClCompile>
    <ClCompile Include="Src\PE\MXPeObject.cpp">
      <Filter>Source Files\PE</Filter>
    </ClCompile>
    <ClCompile Include="Src\TreeViews\MXTreeViewItem.cpp">
      <Filter>Source Files\TreeViews</Filter>
    </ClCompile>
    <ClCompile Include="Src\TreeViews\MXTreeModel.cpp">
      <Filter>Source Files\TreeViews</Filter>
    </ClCompile>
    <ClCompile Include="GeneratedFiles\Debug\moc_MXTreeModel.cpp">
      <Filter>Generated Files\Debug</Filter>
    </ClCompile>
    <ClCompile Include="GeneratedFiles\Release\moc_MXTreeModel.cpp">
      <Filter>Generated Files\Release</Filter>
    </ClCompile>
    <ClCompile Include="Src\PE\MXPeTreeModel.cpp">
      <Filter>Source Files\PE</Filter>
    </ClCompile>
    <ClCompile Include="Src\Utilities\MXUtilities.cpp">
      <Filter>Source Files\Utilities</Filter>
    </ClCompile>
    <ClCompile Include="Src\CodePages\MXCodePages.cpp">
      <Filter>Source Files\CodePages</Filter>
    </ClCompile>
    <ClCompile Include="Src\OpenProcess\MXOpenProcessUi.cpp">
      <Filter>Source Files\OpenProcess</Filter>
    </ClCompile>
    <ClCompile Include="GeneratedFiles\Debug\moc_MXOpenProcessUi.cpp">
      <Filter>Generated Files\Debug</Filter>
    </ClCompile>
    <ClCompile Include="GeneratedFiles\Release\moc_MXOpenProcessUi.cpp">
      <Filter>Generated Files\Release</Filter>
    </ClCompile>
  </ItemGroup>
  <ItemGroup>
    <CustomBuild Include="MXMhsX.qrc">
      <Filter>Resource Files</Filter>
    </CustomBuild>
    <CustomBuild Include="UI\MXExp.ui">
      <Filter>Form Files</Filter>
    </CustomBuild>
    <CustomBuild Include="UI\MXMhsX.ui">
      <Filter>Form Files</Filter>
    </CustomBuild>
    <CustomBuild Include="Src\ExpEval\MXExpEvalDockWidget.h">
      <Filter>Header Files\ExpEval</Filter>
    </CustomBuild>
    <CustomBuild Include="Src\MXMhsX.h">
      <Filter>Header Files</Filter>
    </CustomBuild>
    <CustomBuild Include="UI\MXFa.ui">
      <Filter>Form Files</Filter>
    </CustomBuild>
    <CustomBuild Include="Src\FoundAddresses\MXFoundAddresses.h">
      <Filter>Header Files\FoundAddresses</Filter>
    </CustomBuild>
    <CustomBuild Include="UI\MXPew.ui">
      <Filter>Form Files</Filter>
    </CustomBuild>
    <CustomBuild Include="Src\PE\MXPeWorksUi.h">
      <Filter>Header Files\PE</Filter>
    </CustomBuild>
    <CustomBuild Include="UI\MXPet.ui">
      <Filter>Form Files</Filter>
    </CustomBuild>
    <CustomBuild Include="Src\PE\MXPeTab.h">
      <Filter>Header Files\PE</Filter>
    </CustomBuild>
    <CustomBuild Include="Src\TreeViews\MXTreeModel.h">
      <Filter>Header Files\TreeViews</Filter>
    </CustomBuild>
    <CustomBuild Include="Src\OpenProcess\MXOpenProcessUi.h">
      <Filter>Header Files\OpenProcess</Filter>
    </CustomBuild>
    <CustomBuild Include="UI\MXOp.ui">
      <Filter>Form Files</Filter>
    </CustomBuild>
  </ItemGroup>
  <ItemGroup>
    <ClInclude Include="GeneratedFiles\ui_MXExp.h">
      <Filter>Generated Files</Filter>
    </ClInclude>
    <ClInclude Include="GeneratedFiles\ui_MXMhsX.h">
      <Filter>Generated Files</Filter>
    </ClInclude>
    <ClInclude Include="Src\Strings\MXStringMacros.h">
      <Filter>Header Files\Strings</Filter>
    </ClInclude>
    <ClInclude Include="Src\Strings\MXStringDecoder.h">
      <Filter>Header Files\Strings</Filter>
    </ClInclude>
    <ClInclude Include="GeneratedFiles\ui_MXFa.h">
      <Filter>Generated Files</Filter>
    </ClInclude>
    <ClInclude Include="Src\Files\MXFile.h">
      <Filter>Header Files\Files</Filter>
    </ClInclude>
    <ClInclude Include="Src\Files\MXFileMap.h">
      <Filter>Header Files\Files</Filter>
    </ClInclude>
    <ClInclude Include="Src\System\MXSystem.h">
      <Filter>Header Files\System</Filter>
    </ClInclude>
    <ClInclude Include="Src\PE\MXPeWorks.h">
      <Filter>Header Files\PE</Filter>
    </ClInclude>
    <ClInclude Include="Src\PE\MXPeStructs.h">
      <Filter>Header Files\PE</Filter>
    </ClInclude>
    <ClInclude Include="GeneratedFiles\ui_MXPew.h">
      <Filter>Generated Files</Filter>
    </ClInclude>
    <ClInclude Include="GeneratedFiles\ui_MXPet.h">
      <Filter>Generated Files</Filter>
    </ClInclude>
    <ClInclude Include="Src\PE\MXPeObject.h">
      <Filter>Header Files\PE</Filter>
    </ClInclude>
    <ClInclude Include="Src\TreeViews\MXTreeViewItem.h">
      <Filter>Header Files\TreeViews</Filter>
    </ClInclude>
    <ClInclude Include="Src\PE\MXPeTreeModel.h">
      <Filter>Header Files\PE</Filter>
    </ClInclude>
    <ClInclude Include="Src\Utilities\MXUtilities.h">
      <Filter>Header Files\Utilities</Filter>
    </ClInclude>
    <ClInclude Include="Src\CodePages\MXCodePages.h">
      <Filter>Header Files\CodePages</Filter>
    </ClInclude>
    <ClInclude Include="GeneratedFiles\ui_MXOp.h">
      <Filter>Generated Files</Filter>
    </ClInclude>
  </ItemGroup>
</Project>