
Microsoft Visual Studio Solution File, Format Version 12.00
# Visual Studio Version 17
VisualStudioVersion = 17.1.32210.238
MinimumVisualStudioVersion = 10.0.40219.1
Project("{8BC9CEB8-8B4A-11D0-8D11-00A0C91BC942}") = "LSon", "LSon.vcxproj", "{537A7B56-CC74-4295-8F5C-64C97902D05D}"
EndProject
Global
	GlobalSection(SolutionConfigurationPlatforms) = preSolution
		Debug|x64 = Debug|x64
		Debug|x86 = Debug|x86
		Final|x64 = Final|x64
		Final|x86 = Final|x86
		Release|x64 = Release|x64
		Release|x86 = Release|x86
	EndGlobalSection
	GlobalSection(ProjectConfigurationPlatforms) = postSolution
		{537A7B56-CC74-4295-8F5C-64C97902D05D}.Debug|x64.ActiveCfg = Debug|x64
		{537A7B56-CC74-4295-8F5C-64C97902D05D}.Debug|x64.Build.0 = Debug|x64
		{537A7B56-CC74-4295-8F5C-64C97902D05D}.Debug|x86.ActiveCfg = Debug|Win32
		{537A7B56-CC74-4295-8F5C-64C97902D05D}.Debug|x86.Build.0 = Debug|Win32
		{537A7B56-CC74-4295-8F5C-64C97902D05D}.Final|x64.ActiveCfg = Final|x64
		{537A7B56-CC74-4295-8F5C-64C97902D05D}.Final|x64.Build.0 = Final|x64
		{537A7B56-CC74-4295-8F5C-64C97902D05D}.Final|x86.ActiveCfg = Final|Win32
		{537A7B56-CC74-4295-8F5C-64C97902D05D}.Final|x86.Build.0 = Final|Win32
		{537A7B56-CC74-4295-8F5C-64C97902D05D}.Release|x64.ActiveCfg = Release|x64
		{537A7B56-CC74-4295-8F5C-64C97902D05D}.Release|x64.Build.0 = Release|x64
		{537A7B56-CC74-4295-8F5C-64C97902D05D}.Release|x86.ActiveCfg = Release|Win32
		{537A7B56-CC74-4295-8F5C-64C97902D05D}.Release|x86.Build.0 = Release|Win32
	EndGlobalSection
	GlobalSection(SolutionProperties) = preSolution
		HideSolutionNode = FALSE
	EndGlobalSection
	GlobalSection(ExtensibilityGlobals) = postSolution
		SolutionGuid = {D464C730-FD14-420F-BBD7-958DD5C3ED00}
	EndGlobalSection
EndGlobal
