<?xml version="1.0" encoding="utf-8"?>
<Project ToolsVersion="4.0" xmlns="http://schemas.microsoft.com/developer/msbuild/2003">
  <ItemGroup>
    <Filter Include="Source Files">
      <UniqueIdentifier>{4FC737F1-C7A5-4376-A066-2A32D752A2FF}</UniqueIdentifier>
      <Extensions>cpp;c;cc;cxx;def;odl;idl;hpj;bat;asm;asmx</Extensions>
    </Filter>
    <Filter Include="Header Files">
      <UniqueIdentifier>{93995380-89BD-4b04-88EB-625FBE52EBFB}</UniqueIdentifier>
      <Extensions>h;hh;hpp;hxx;hm;inl;inc;xsd</Extensions>
    </Filter>
    <Filter Include="Header Files\Gen">
      <UniqueIdentifier>{e4d0e3b6-5453-46cc-9b24-77464b4e35de}</UniqueIdentifier>
    </Filter>
    <Filter Include="Source Files\Gen">
      <UniqueIdentifier>{358d15c0-8a1f-4dd9-b127-f4af42c16e88}</UniqueIdentifier>
    </Filter>
    <Filter Include="Header Files\BigInt">
      <UniqueIdentifier>{5b422735-b2ef-49fb-bdab-71113e1fe210}</UniqueIdentifier>
    </Filter>
    <Filter Include="Source Files\BigInt">
      <UniqueIdentifier>{c735382a-ed30-4e04-bab8-ad08015ae4e5}</UniqueIdentifier>
    </Filter>
    <Filter Include="Header Files\Unicode">
      <UniqueIdentifier>{19398ae6-6ba4-424f-b562-a55a218f0035}</UniqueIdentifier>
    </Filter>
    <Filter Include="Source Files\Unicode">
      <UniqueIdentifier>{14c960d2-30fd-4385-9888-246153b392f0}</UniqueIdentifier>
    </Filter>
  </ItemGroup>
  <ItemGroup>
    <Text Include="ReadMe.txt" />
  </ItemGroup>
  <ItemGroup>
    <ClCompile Include="Src\Gen\EEExpEvalLexBase.cpp">
      <Filter>Source Files\Gen</Filter>
    </ClCompile>
    <ClCompile Include="Src\Gen\EEExpEvalParser.cpp">
      <Filter>Source Files\Gen</Filter>
    </ClCompile>
    <ClCompile Include="Src\EEExpEvalContainer.cpp">
      <Filter>Source Files</Filter>
    </ClCompile>
    <ClCompile Include="Src\EEFloatX.cpp">
      <Filter>Source Files</Filter>
    </ClCompile>
    <ClCompile Include="Src\BigInt\EEBigInt.cpp">
      <Filter>Source Files\BigInt</Filter>
    </ClCompile>
    <ClCompile Include="Src\EEExpEval.cpp">
      <Filter>Source Files</Filter>
    </ClCompile>
    <ClCompile Include="Src\Unicode\EEUnicode.cpp">
      <Filter>Source Files\Unicode</Filter>
    </ClCompile>
  </ItemGroup>
  <ItemGroup>
    <ClInclude Include="Src\Gen\EEExpEvalLexBase.h">
      <Filter>Header Files\Gen</Filter>
    </ClInclude>
    <ClInclude Include="Src\Gen\EEExpEvalParser.h">
      <Filter>Header Files\Gen</Filter>
    </ClInclude>
    <ClInclude Include="Src\Gen\EEExpEvalParserLocation.h">
      <Filter>Header Files\Gen</Filter>
    </ClInclude>
    <ClInclude Include="Src\Gen\EEExpEvalParserPosition.h">
      <Filter>Header Files\Gen</Filter>
    </ClInclude>
    <ClInclude Include="Src\Gen\EEExpEvalParserStack.h">
      <Filter>Header Files\Gen</Filter>
    </ClInclude>
    <ClInclude Include="Src\EEExpEvalContainer.h">
      <Filter>Header Files</Filter>
    </ClInclude>
    <ClInclude Include="Src\EEExpEvalLexer.h">
      <Filter>Header Files</Filter>
    </ClInclude>
    <ClInclude Include="Src\EEExpEvalSyntaxNodes.h">
      <Filter>Header Files</Filter>
    </ClInclude>
    <ClInclude Include="Src\EEExpEval.h">
      <Filter>Header Files</Filter>
    </ClInclude>
    <ClInclude Include="Src\EEFloatX.h">
      <Filter>Header Files</Filter>
    </ClInclude>
    <ClInclude Include="Src\BigInt\EEBigInt.h">
      <Filter>Header Files\BigInt</Filter>
    </ClInclude>
    <ClInclude Include="Src\Unicode\EEUnicode.h">
      <Filter>Header Files\Unicode</Filter>
    </ClInclude>
    <ClInclude Include="Src\Unicode\EEUnicodeTable.h">
      <Filter>Header Files\Unicode</Filter>
    </ClInclude>
  </ItemGroup>
</Project>