<?xml version="1.0" encoding="utf-8"?>
<Project ToolsVersion="4.0" xmlns="http://schemas.microsoft.com/developer/msbuild/2003">
  <ItemGroup>
    <Filter Include="Source Files">
      <UniqueIdentifier>{4FC737F1-C7A5-4376-A066-2A32D752A2FF}</UniqueIdentifier>
      <Extensions>cpp;c;cc;cxx;def;odl;idl;hpj;bat;asm;asmx</Extensions>
    </Filter>
    <Filter Include="Header Files">
      <UniqueIdentifier>{93995380-89BD-4b04-88EB-625FBE52EBFB}</UniqueIdentifier>
      <Extensions>h;hh;hpp;hxx;hm;inl;inc;xsd</Extensions>
    </Filter>
    <Filter Include="Header Files\Base">
      <UniqueIdentifier>{3f770a54-c2b1-48d2-b1ad-9920e35c10f3}</UniqueIdentifier>
    </Filter>
    <Filter Include="Source Files\Base">
      <UniqueIdentifier>{054472bb-0cf2-4540-9d56-6b6e07a7dbfb}</UniqueIdentifier>
    </Filter>
    <Filter Include="Header Files\Helpers">
      <UniqueIdentifier>{f6c4f3b3-21fc-4264-ab8d-a2c23d60998d}</UniqueIdentifier>
    </Filter>
    <Filter Include="Source Files\Helpers">
      <UniqueIdentifier>{94e99e97-6aa7-4b81-bd61-dcabe47a7cc0}</UniqueIdentifier>
    </Filter>
    <Filter Include="Source Files\MainWindow">
      <UniqueIdentifier>{f06de690-166a-4a62-9f7b-51543c91b95e}</UniqueIdentifier>
    </Filter>
    <Filter Include="Header Files\MainWindow">
      <UniqueIdentifier>{7c3c9c3f-4ee1-4bf1-9eba-3e8690a38e2a}</UniqueIdentifier>
    </Filter>
    <Filter Include="Header Files\Widget">
      <UniqueIdentifier>{5018b5a2-ae09-4430-97ce-e28f2546a4b4}</UniqueIdentifier>
    </Filter>
    <Filter Include="Source Files\Widget">
      <UniqueIdentifier>{775661fe-5ade-4a35-9c35-90dc90d4817e}</UniqueIdentifier>
    </Filter>
    <Filter Include="Header Files\Layout">
      <UniqueIdentifier>{2f06f5c2-e736-48b2-93fc-a6439d424210}</UniqueIdentifier>
    </Filter>
    <Filter Include="Source Files\Layout">
      <UniqueIdentifier>{25f5d5eb-d185-4bf2-a9f6-072a0b853ef5}</UniqueIdentifier>
    </Filter>
    <Filter Include="Header Files\ListView">
      <UniqueIdentifier>{d705f71a-f510-4802-912d-7f8bbedc649d}</UniqueIdentifier>
    </Filter>
    <Filter Include="Source Files\ListView">
      <UniqueIdentifier>{cfd673e7-e571-417e-b6d0-cadd35dc521f}</UniqueIdentifier>
    </Filter>
    <Filter Include="Header Files\GroupBox">
      <UniqueIdentifier>{f6340dcd-ce48-49ae-936d-6eff1056968c}</UniqueIdentifier>
    </Filter>
    <Filter Include="Source Files\GroupBox">
      <UniqueIdentifier>{e006350f-70f8-45f0-94ae-58754f153af6}</UniqueIdentifier>
    </Filter>
    <Filter Include="Header Files\Button">
      <UniqueIdentifier>{e5e97404-0352-420f-98bf-c1c96caf4514}</UniqueIdentifier>
    </Filter>
    <Filter Include="Source Files\Button">
      <UniqueIdentifier>{84a380c9-967b-4961-af47-faff48452462}</UniqueIdentifier>
    </Filter>
    <Filter Include="Header Files\RadioButton">
      <UniqueIdentifier>{1444effb-cf63-4cb4-85c7-694c40601d58}</UniqueIdentifier>
    </Filter>
    <Filter Include="Source Files\RadioButton">
      <UniqueIdentifier>{32188393-f452-4bd0-a3a1-c05a772d4687}</UniqueIdentifier>
    </Filter>
    <Filter Include="Header Files\CheckButton">
      <UniqueIdentifier>{d255560b-18b4-40ea-b467-6403fe0d6732}</UniqueIdentifier>
    </Filter>
    <Filter Include="Source Files\CheckButton">
      <UniqueIdentifier>{f7a1e2b7-370b-4ba5-a5bc-ccd677a01079}</UniqueIdentifier>
    </Filter>
    <Filter Include="Header Files\Expressions">
      <UniqueIdentifier>{e59ff7cb-0f2f-474d-942c-a9eba98ed24d}</UniqueIdentifier>
    </Filter>
    <Filter Include="Source Files\Expressions">
      <UniqueIdentifier>{64c3a51f-18bd-4b3c-ac1c-bf7d8719723d}</UniqueIdentifier>
    </Filter>
  </ItemGroup>
  <ItemGroup>
    <Text Include="ReadMe.txt" />
  </ItemGroup>
  <ItemGroup>
    <ClInclude Include="Src\Base\LSWBase.h">
      <Filter>Header Files\Base</Filter>
    </ClInclude>
    <ClInclude Include="Src\Helpers\LSWHelpers.h">
      <Filter>Header Files\Helpers</Filter>
    </ClInclude>
    <ClInclude Include="Src\MainWindow\LSWMainWindow.h">
      <Filter>Header Files\MainWindow</Filter>
    </ClInclude>
    <ClInclude Include="Src\Widget\LSWWidget.h">
      <Filter>Header Files\Widget</Filter>
    </ClInclude>
    <ClInclude Include="Src\Layout\LSWLayoutTypes.h">
      <Filter>Header Files\Layout</Filter>
    </ClInclude>
    <ClInclude Include="Src\Layout\LSWWidgetLayout.h">
      <Filter>Header Files\Layout</Filter>
    </ClInclude>
    <ClInclude Include="Src\Base\LSWWndClassEx.h">
      <Filter>Header Files\Base</Filter>
    </ClInclude>
    <ClInclude Include="Src\Layout\LSWMenuLayout.h">
      <Filter>Header Files\Layout</Filter>
    </ClInclude>
    <ClInclude Include="Src\ListView\LSWListView.h">
      <Filter>Header Files\ListView</Filter>
    </ClInclude>
    <ClInclude Include="Src\Layout\LSWLayoutManager.h">
      <Filter>Header Files\Layout</Filter>
    </ClInclude>
    <ClInclude Include="Src\Base\LSWGlobalAlloc.h">
      <Filter>Header Files\Base</Filter>
    </ClInclude>
    <ClInclude Include="Src\GroupBox\LSWGroupBox.h">
      <Filter>Header Files\GroupBox</Filter>
    </ClInclude>
    <ClInclude Include="Src\LSWWin.h">
      <Filter>Header Files</Filter>
    </ClInclude>
    <ClInclude Include="Src\Button\LSWButton.h">
      <Filter>Header Files\Button</Filter>
    </ClInclude>
    <ClInclude Include="Src\RadioButton\LSWRadioButton.h">
      <Filter>Header Files\RadioButton</Filter>
    </ClInclude>
    <ClInclude Include="Src\CheckButton\LSWCheckButton.h">
      <Filter>Header Files\CheckButton</Filter>
    </ClInclude>
    <ClInclude Include="Src\Expressions\LSWExpression.h">
      <Filter>Header Files\Expressions</Filter>
    </ClInclude>
  </ItemGroup>
  <ItemGroup>
    <ClCompile Include="Src\Base\LSWBase.cpp">
      <Filter>Source Files\Base</Filter>
    </ClCompile>
    <ClCompile Include="Src\MainWindow\LSWMainWindow.cpp">
      <Filter>Source Files\MainWindow</Filter>
    </ClCompile>
    <ClCompile Include="Src\Widget\LSWWidget.cpp">
      <Filter>Source Files\Widget</Filter>
    </ClCompile>
    <ClCompile Include="Src\ListView\LSWListView.cpp">
      <Filter>Source Files\ListView</Filter>
    </ClCompile>
    <ClCompile Include="Src\Layout\LSWLayoutManager.cpp">
      <Filter>Source Files\Layout</Filter>
    </ClCompile>
    <ClCompile Include="Src\GroupBox\LSWGroupBox.cpp">
      <Filter>Source Files\GroupBox</Filter>
    </ClCompile>
    <ClCompile Include="Src\Button\LSWButton.cpp">
      <Filter>Source Files\Button</Filter>
    </ClCompile>
    <ClCompile Include="Src\RadioButton\LSWRadioButton.cpp">
      <Filter>Source Files\RadioButton</Filter>
    </ClCompile>
    <ClCompile Include="Src\CheckButton\LSWCheckButton.cpp">
      <Filter>Source Files\CheckButton</Filter>
    </ClCompile>
    <ClCompile Include="Src\Expressions\LSWExpressions.cpp">
      <Filter>Source Files\Expressions</Filter>
    </ClCompile>
  </ItemGroup>
</Project>